<?xml version="1.0" encoding="utf-8"?>
<Project ToolsVersion="4.0" xmlns="http://schemas.microsoft.com/developer/msbuild/2003">
  <ItemGroup>
    <Filter Include="win32">
      <UniqueIdentifier>{93995380-89BD-4b04-88EB-625FBE52EBFB}</UniqueIdentifier>
      <Extensions>h;hpp;hxx;hm;inl;inc;xsd</Extensions>
    </Filter>
    <Filter Include="Cocos2dxClasses">
      <UniqueIdentifier>{4FC737F1-C7A5-4376-A066-2A32D752A2FF}</UniqueIdentifier>
      <Extensions>cpp;c;cc;cxx;def;odl;idl;hpj;bat;asm;asmx</Extensions>
    </Filter>
    <Filter Include="JPacman">
      <UniqueIdentifier>{79367b3b-984f-483a-aba0-4a6ed802e5d4}</UniqueIdentifier>
    </Filter>
    <Filter Include="Resources">
      <UniqueIdentifier>{1afba352-109a-4054-b55b-70f0d933be01}</UniqueIdentifier>
    </Filter>
  </ItemGroup>
  <ItemGroup>
    <ClCompile Include="..\Classes\AppDelegate.cpp">
      <Filter>Cocos2dxClasses</Filter>
    </ClCompile>
    <ClCompile Include="Main.cpp">
      <Filter>win32</Filter>
    </ClCompile>
    <ClCompile Include="..\Classes\AppScene.cpp">
      <Filter>Cocos2dxClasses</Filter>
    </ClCompile>
    <ClCompile Include="..\..\JPacman\JPacman.cpp">
      <Filter>JPacman</Filter>
    </ClCompile>
    <ClCompile Include="..\..\JPacman\Game.cpp">
      <Filter>JPacman</Filter>
    </ClCompile>
    <ClCompile Include="..\..\JPacman\gfx.cpp">
      <Filter>JPacman</Filter>
    </ClCompile>
    <ClCompile Include="..\..\JPacman\intro.cpp">
      <Filter>JPacman</Filter>
    </ClCompile>
    <ClCompile Include="..\..\JPacman\Menu.cpp">
      <Filter>JPacman</Filter>
    </ClCompile>
    <ClCompile Include="..\..\JPacman\music.cpp">
      <Filter>JPacman</Filter>
    </ClCompile>
    <ClCompile Include="..\..\JPacman\puntajes.cpp">
      <Filter>JPacman</Filter>
    </ClCompile>
    <ClCompile Include="..\..\JPacman\sfx.cpp">
      <Filter>JPacman</Filter>
    </ClCompile>
    <ClCompile Include="..\..\JPacman\input.cpp">
      <Filter>JPacman</Filter>
    </ClCompile>
  </ItemGroup>
  <ItemGroup>
    <ClInclude Include="..\Classes\AppDelegate.h">
      <Filter>Cocos2dxClasses</Filter>
    </ClInclude>
    <ClInclude Include="Main.h">
      <Filter>win32</Filter>
    </ClInclude>
    <ClInclude Include="..\Classes\AppMacros.h">
      <Filter>Cocos2dxClasses</Filter>
    </ClInclude>
    <ClInclude Include="..\Classes\AppScene.h">
      <Filter>Cocos2dxClasses</Filter>
    </ClInclude>
    <ClInclude Include="..\..\JPacman\JPacman.h">
      <Filter>JPacman</Filter>
    </ClInclude>
    <ClInclude Include="..\..\JPacman\input.h">
      <Filter>JPacman</Filter>
    </ClInclude>
  </ItemGroup>
  <ItemGroup>
    <Image Include="..\Resources\gfx_game.png">
      <Filter>Resources</Filter>
    </Image>
    <Image Include="..\Resources\gfx_menu.png">
      <Filter>Resources</Filter>
    </Image>
    <Image Include="..\Resources\gfx_puntajes.png">
      <Filter>Resources</Filter>
    </Image>
    <Image Include="..\Resources\gfx_sprites.png">
      <Filter>Resources</Filter>
    </Image>
  </ItemGroup>
  <ItemGroup>
    <Media Include="..\..\JPacman\eyes.wav">
      <Filter>Resources</Filter>
    </Media>
    <Media Include="..\..\JPacman\fruit.wav">
      <Filter>Resources</Filter>
    </Media>
    <Media Include="..\..\JPacman\Point.wav">
      <Filter>Resources</Filter>
    </Media>
    <Media Include="..\..\JPacman\revenge.wav">
      <Filter>Resources</Filter>
    </Media>
    <Media Include="..\..\JPacman\revengetime.wav">
      <Filter>Resources</Filter>
    </Media>
  </ItemGroup>
</Project>